Microsoft Visual Studio Solution File, Format Version 11.00
# Visual Studio 2008

Project("{1B47FDB3-06DD-2EB5-E6BB-40BAE7B4B9C7}") = "Potion Panic!", "Assembly-CSharp-firstpass.csproj", "{8B48A178-AF39-705B-7FF9-8C283161B968}"
EndProject
Project("{1B47FDB3-06DD-2EB5-E6BB-40BAE7B4B9C7}") = "Potion Panic!", "Assembly-CSharp.csproj", "{B4EA79BC-CBD8-C2B0-53A3-B5F78E089C69}"
EndProject
Project("{1B47FDB3-06DD-2EB5-E6BB-40BAE7B4B9C7}") = "Potion Panic!", "Assembly-CSharp-Editor.csproj", "{BAEF8ABA-7D2B-EA9E-C736-471DF29534E2}"
EndProject
Global
	GlobalSection(SolutionConfigurationPlatforms) = preSolution
		Debug|Any CPU = Debug|Any CPU
		Release|Any CPU = Release|Any CPU
	EndGlobalSection
	GlobalSection(ProjectConfigurationPlatforms) = postSolution
		{8B48A178-AF39-705B-7FF9-8C283161B968}.Debug|Any CPU.ActiveCfg = Debug|Any CPU
		{8B48A178-AF39-705B-7FF9-8C283161B968}.Debug|Any CPU.Build.0 = Debug|Any CPU
		{8B48A178-AF39-705B-7FF9-8C283161B968}.Release|Any CPU.ActiveCfg = Release|Any CPU
		{8B48A178-AF39-705B-7FF9-8C283161B968}.Release|Any CPU.Build.0 = Release|Any CPU
		{B4EA79BC-CBD8-C2B0-53A3-B5F78E089C69}.Debug|Any CPU.ActiveCfg = Debug|Any CPU
		{B4EA79BC-CBD8-C2B0-53A3-B5F78E089C69}.Debug|Any CPU.Build.0 = Debug|Any CPU
		{B4EA79BC-CBD8-C2B0-53A3-B5F78E089C69}.Release|Any CPU.ActiveCfg = Release|Any CPU
		{B4EA79BC-CBD8-C2B0-53A3-B5F78E089C69}.Release|Any CPU.Build.0 = Release|Any CPU
		{BAEF8ABA-7D2B-EA9E-C736-471DF29534E2}.Debug|Any CPU.ActiveCfg = Debug|Any CPU
		{BAEF8ABA-7D2B-EA9E-C736-471DF29534E2}.Debug|Any CPU.Build.0 = Debug|Any CPU
		{BAEF8ABA-7D2B-EA9E-C736-471DF29534E2}.Release|Any CPU.ActiveCfg = Release|Any CPU
		{BAEF8ABA-7D2B-EA9E-C736-471DF29534E2}.Release|Any CPU.Build.0 = Release|Any CPU
	EndGlobalSection
	GlobalSection(SolutionProperties) = preSolution
		HideSolutionNode = FALSE
	EndGlobalSection
	GlobalSection(MonoDevelopProperties) = preSolution
		StartupItem = Assembly-CSharp.csproj
	EndGlobalSection
EndGlobal
